# This file is automatically @generated by Cargo.
# It is not intended for manual editing.
version = 4

[[package]]
name = "adler2"
version = "2.0.1"
source = "registry+https://github.com/rust-lang/crates.io-index"
checksum = "320119579fcad9c21884f5c4861d16174d0e06250625266f50fe6898340abefa"

[[package]]
name = "aead"
version = "0.5.2"
source = "registry+https://github.com/rust-lang/crates.io-index"
checksum = "d122413f284cf2d62fb1b7db97e02edb8cda96d769b16e443a4f6195e35662b0"
dependencies = [
 "crypto-common 0.1.7",
 "generic-array",
]

[[package]]
name = "aes"
version = "0.8.4"
source = "registry+https://github.com/rust-lang/crates.io-index"
checksum = "b169f7a6d4742236a0a00c541b845991d0ac43e546831af1249753ab4c3aa3a0"
dependencies = [
 "cfg-if 1.0.4",
 "cipher",
 "cpufeatures 0.2.17",
]

[[package]]
name = "aes-gcm"
version = "0.10.3"
source = "registry+https://github.com/rust-lang/crates.io-index"
checksum = "831010a0f742e1209b3bcea8fab6a8e149051ba6099432c8cb2cc117dec3ead1"
dependencies = [
 "aead",
 "aes",
 "cipher",
 "ctr",
 "ghash",
 "subtle",
]

[[package]]
name = "ahash"
version = "0.8.12"
source = "registry+https://github.com/rust-lang/crates.io-index"
checksum = "5a15f179cd60c4584b8a8c596927aadc462e27f2ca70c04e0071964a73ba7a75"
dependencies = [
 "cfg-if 1.0.4",
 "getrandom 0.3.4",
 "once_cell",
 "serde",
 "version_check",
 "zerocopy",
]

[[package]]
name = "aho-corasick"
version = "1.1.4"
source = "registry+https://github.com/rust-lang/crates.io-index"
checksum = "ddd31a130427c27518df266943a5308ed92d4b226cc639f5a8f1002816174301"
dependencies = [
 "memchr",
]

[[package]]
name = "allocator-api2"
version = "0.2.21"
source = "registry+https://github.com/rust-lang/crates.io-index"
checksum = "683d7910e743518b0e34f1186f92494becacb047c7b6bf616c96772180fef923"

[[package]]
name = "android_system_properties"
version = "0.1.5"
source = "registry+https://github.com/rust-lang/crates.io-index"
checksum = "819e7219dbd41043ac279b19830f2efc897156490d7fd6ea916720117ee66311"
dependencies = [
 "libc",
]

[[package]]
name = "anstream"
version = "1.0.0"
source = "registry+https://github.com/rust-lang/crates.io-index"
checksum = "824a212faf96e9acacdbd09febd34438f8f711fb84e09a8916013cd7815ca28d"
dependencies = [
 "anstyle",
 "anstyle-parse",
 "anstyle-query",
 "anstyle-wincon",
 "colorchoice",
 "is_terminal_polyfill",
 "utf8parse",
]

[[package]]
name = "anstyle"
version = "1.0.14"
source = "registry+https://github.com/rust-lang/crates.io-index"
checksum = "940b3a0ca603d1eade50a4846a2afffd5ef57a9feac2c0e2ec2e14f9ead76000"

[[package]]
name = "anstyle-parse"
version = "1.0.0"
source = "registry+https://github.com/rust-lang/crates.io-index"
checksum = "52ce7f38b242319f7cabaa6813055467063ecdc9d355bbb4ce0c68908cd8130e"
dependencies = [
 "utf8parse",
]

[[package]]
name = "anstyle-query"
version = "1.1.5"
source = "registry+https://github.com/rust-lang/crates.io-index"
checksum = "40c48f72fd53cd289104fc64099abca73db4166ad86ea0b4341abe65af83dadc"
dependencies = [
 "windows-sys 0.61.2",
]

[[package]]
name = "anstyle-wincon"
version = "3.0.11"
source = "registry+https://github.com/rust-lang/crates.io-index"
checksum = "291e6a250ff86cd4a820112fb8898808a366d8f9f58ce16d1f538353ad55747d"
dependencies = [
 "anstyle",
 "once_cell_polyfill",
 "windows-sys 0.61.2",
]

[[package]]
name = "anyhow"
version = "1.0.103"
source = "registry+https://github.com/rust-lang/crates.io-index"
checksum = "2a4385e2e34eb35d6b3efe798b9eb88096925d87726c0798709bf56d9ed84af3"

[[package]]
name = "appattest"
version = "0.1.1"
source = "registry+https://github.com/rust-lang/crates.io-index"
checksum = "5d0a66767aaf7d483c556386fb68ca2fba9347684d8bb17a4bd8b755851870f7"
dependencies = [
 "arrayvec",
 "aws-lc-rs",
 "base64 0.22.1",
 "byteorder",
 "minicbor",
 "rustls-pki-types",
 "rustls-webpki",
]

[[package]]
name = "approx"
version = "0.5.1"
source = "registry+https://github.com/rust-lang/crates.io-index"
checksum = "cab112f0a86d568ea0e627cc1d6be74a1e9cd55214684db5561995f6dad897c6"
dependencies = [
 "num-traits",
]

[[package]]
name = "arbitrary"
version = "1.4.2"
source = "registry+https://github.com/rust-lang/crates.io-index"
checksum = "c3d036a3c4ab069c7b410a2ce876bd74808d2d0888a82667669f8e783a898bf1"
dependencies = [
 "derive_arbitrary",
]

[[package]]
name = "arc-swap"
version = "1.9.1"
source = "registry+https://github.com/rust-lang/crates.io-index"
checksum = "6a3a1fd6f75306b68087b831f025c712524bcb19aad54e557b1129cfa0a2b207"
dependencies = [
 "rustversion",
]

[[package]]
name = "arcstr"
version = "1.2.0"
source = "registry+https://github.com/rust-lang/crates.io-index"
checksum = "03918c3dbd7701a85c6b9887732e2921175f26c350b4563841d0958c21d57e6d"

[[package]]
name = "argon2"
version = "0.5.3"
source = "registry+https://github.com/rust-lang/crates.io-index"
checksum = "3c3610892ee6e0cbce8ae2700349fcf8f98adb0dbfbee85aec3c9179d29cc072"
dependencies = [
 "base64ct",
 "blake2",
 "cpufeatures 0.2.17",
 "password-hash",
]

[[package]]
name = "arrayref"
version = "0.3.9"
source = "registry+https://github.com/rust-lang/crates.io-index"
checksum = "76a2e8124351fda1ef8aaaa3bbd7ebbcb486bbcd4225aca0aa0d84bb2db8fecb"

[[package]]
name = "arrayvec"
version = "0.7.6"
source = "registry+https://github.com/rust-lang/crates.io-index"
checksum = "7c02d123df017efcdfbd739ef81735b36c5ba83ec3c59c80a9d7ecc718f92e50"

[[package]]
name = "async-broadcast"
version = "0.7.2"
source = "registry+https://github.com/rust-lang/crates.io-index"
checksum = "435a87a52755b8f27fcf321ac4f04b2802e337c8c4872923137471ec39c37532"
dependencies = [
 "event-listener",
 "event-listener-strategy",
 "futures-core",
 "pin-project-lite",
]

[[package]]
name = "async-channel"
version = "2.5.0"
source = "registry+https://github.com/rust-lang/crates.io-index"
checksum = "924ed96dd52d1b75e9c1a3e6275715fd320f5f9439fb5a4a11fa51f4221158d2"
dependencies = [
 "concurrent-queue",
 "event-listener-strategy",
 "futures-core",
 "pin-project-lite",
]

[[package]]
name = "async-compression"
version = "0.4.42"
source = "registry+https://github.com/rust-lang/crates.io-index"
checksum = "e79b3f8a79cccc2898f31920fc69f304859b3bd567490f75ebf51ae1c792a9ac"
dependencies = [
 "compression-codecs",
 "compression-core",
 "pin-project-lite",
 "tokio",
]

[[package]]
name = "async-io"
version = "2.6.0"
source = "registry+https://github.com/rust-lang/crates.io-index"
checksum = "456b8a8feb6f42d237746d4b3e9a178494627745c3c56c6ea55d92ba50d026fc"
dependencies = [
 "autocfg",
 "cfg-if 1.0.4",
 "concurrent-queue",
 "futures-io",
 "futures-lite",
 "parking",
 "polling",
 "rustix 1.1.4",
 "slab",
 "windows-sys 0.61.2",
]

[[package]]
name = "async-lock"
version = "3.4.2"
source = "registry+https://github.com/rust-lang/crates.io-index"
checksum = "290f7f2596bd5b78a9fec8088ccd89180d7f9f55b94b0576823bbbdc72ee8311"
dependencies = [
 "event-listener",
 "event-listener-strategy",
 "pin-project-lite",
]

[[package]]
name = "async-process"
version = "2.5.0"
source = "registry+https://github.com/rust-lang/crates.io-index"
checksum = "fc50921ec0055cdd8a16de48773bfeec5c972598674347252c0399676be7da75"
dependencies = [
 "async-channel",
 "async-io",
 "async-lock",
 "async-signal",
 "async-task",
 "blocking",
 "cfg-if 1.0.4",
 "event-listener",
 "futures-lite",
 "rustix 1.1.4",
]

[[package]]
name = "async-recursion"
version = "1.1.1"
source = "registry+https://github.com/rust-lang/crates.io-index"
checksum = "3b43422f69d8ff38f95f1b2bb76517c91589a924d1559a0e935d7c8ce0274c11"
dependencies = [
 "proc-macro2",
 "quote",
 "syn 2.0.117",
]

[[package]]
name = "async-signal"
version = "0.2.14"
source = "registry+https://github.com/rust-lang/crates.io-index"
checksum = "52b5aaafa020cf5053a01f2a60e8ff5dccf550f0f77ec54a4e47285ac2bab485"
dependencies = [
 "async-io",
 "async-lock",
 "atomic-waker",
 "cfg-if 1.0.4",
 "futures-core",
 "futures-io",
 "rustix 1.1.4",
 "signal-hook-registry",
 "slab",
 "windows-sys 0.61.2",
]

[[package]]
name = "async-task"
version = "4.7.1"
source = "registry+https://github.com/rust-lang/crates.io-index"
checksum = "8b75356056920673b02621b35afd0f7dda9306d03c79a30f5c56c44cf256e3de"

[[package]]
name = "async-trait"
version = "0.1.89"
source = "registry+https://github.com/rust-lang/crates.io-index"
checksum = "9035ad2d096bed7955a320ee7e2230574d28fd3c3a0f186cbea1ff3c7eed5dbb"
dependencies = [
 "proc-macro2",
 "quote",
 "syn 2.0.117",
]

[[package]]
name = "async-utility"
version = "0.3.1"
source = "registry+https://github.com/rust-lang/crates.io-index"
checksum = "a34a3b57207a7a1007832416c3e4862378c8451b4e8e093e436f48c2d3d2c151"
dependencies = [
 "futures-util",
 "gloo-timers",
 "tokio",
 "wasm-bindgen-futures",
]

[[package]]
name = "async-wsocket"
version = "0.13.2"
source = "registry+https://github.com/rust-lang/crates.io-index"
checksum = "1c92385c7c8b3eb2de1b78aeca225212e4c9a69a78b802832759b108681a5069"
dependencies = [
 "async-utility",
 "futures",
 "futures-util",
 "js-sys",
 "tokio",
 "tokio-rustls",
 "tokio-socks",
 "tokio-tungstenite 0.26.2",
 "url",
 "wasm-bindgen",
 "web-sys",
]

[[package]]
name = "async_io_stream"
version = "0.3.3"
source = "registry+https://github.com/rust-lang/crates.io-index"
checksum = "b6d7b9decdf35d8908a7e3ef02f64c5e9b1695e230154c0e8de3969142d9b94c"
dependencies = [
 "futures",
 "pharos",
 "rustc_version",
]

[[package]]
name = "atoi"
version = "2.0.0"
source = "registry+https://github.com/rust-lang/crates.io-index"
checksum = "f28d99ec8bfea296261ca1af174f24225171fea9664ba9003cbebee704810528"
dependencies = [
 "num-traits",
]

[[package]]
name = "atomic"
version = "0.6.1"
source = "registry+https://github.com/rust-lang/crates.io-index"
checksum = "a89cbf775b137e9b968e67227ef7f775587cde3fd31b0d8599dbd0f598a48340"
dependencies = [
 "bytemuck",
]

[[package]]
name = "atomic-destructor"
version = "0.3.0"
source = "registry+https://github.com/rust-lang/crates.io-index"
checksum = "ef49f5882e4b6afaac09ad239a4f8c70a24b8f2b0897edb1f706008efd109cf4"

[[package]]
name = "atomic-waker"
version = "1.1.2"
source = "registry+https://github.com/rust-lang/crates.io-index"
checksum = "1505bd5d3d116872e7271a6d4e16d81d0c8570876c8de68093a09ac269d8aac0"

[[package]]
name = "atomic-write-file"
version = "0.3.0"
source = "registry+https://github.com/rust-lang/crates.io-index"
checksum = "84790c55b5704b0d35130bf16a4ce22a8e70eb0ea773522557524d9a4852663d"
dependencies = [
 "nix 0.30.1",
 "rand 0.9.4",
]

[[package]]
name = "attohttpc"
version = "0.30.1"
source = "registry+https://github.com/rust-lang/crates.io-index"
checksum = "16e2cdb6d5ed835199484bb92bb8b3edd526effe995c61732580439c1a67e2e9"
dependencies = [
 "base64 0.22.1",
 "http",
 "log",
 "rustls",
 "serde",
 "serde_json",
 "url",
 "webpki-roots 1.0.7",
]

[[package]]
name = "autocfg"
version = "1.5.0"
source = "registry+https://github.com/rust-lang/crates.io-index"
checksum = "c08606f8c3cbf4ce6ec8e28fb0014a2c086708fe954eaa885384a6165172e7e8"

[[package]]
name = "aws-creds"
version = "0.39.1"
source = "git+https://github.com/tlongwell-block/rust-s3?rev=c9fce3620dd434c1f810101d672cf384268dbb0f#c9fce3620dd434c1f810101d672cf384268dbb0f"
dependencies = [
 "attohttpc",
 "home",
 "log",
 "quick-xml 0.38.4",
 "rust-ini",
 "serde",
 "thiserror 2.0.18",
 "time",
 "url",
]

[[package]]
name = "aws-lc-rs"
version = "1.17.0"
source = "registry+https://github.com/rust-lang/crates.io-index"
checksum = "5ec2f1fc3ec205783a5da9a7e6c1509cc69dedf09a1949e412c1e18469326d00"
dependencies = [
 "aws-lc-sys",
 "zeroize",
]

[[package]]
name = "aws-lc-sys"
version = "0.41.0"
source = "registry+https://github.com/rust-lang/crates.io-index"
checksum = "1a2f9779ce85b93ab6170dd940ad0169b5766ff848247aff13bb788b832fe3f4"
dependencies = [
 "cc",
 "cmake",
 "dunce",
 "fs_extra",
]

[[package]]
name = "aws-region"
version = "0.28.1"
source = "registry+https://github.com/rust-lang/crates.io-index"
checksum = "838b36c8dc927b6db1b6c6b8f5d05865f2213550b9e83bf92fa99ed6525472c0"
dependencies = [
 "thiserror 2.0.18",
]

[[package]]
name = "axum"
version = "0.8.9"
source = "registry+https://github.com/rust-lang/crates.io-index"
checksum = "31b698c5f9a010f6573133b09e0de5408834d0c82f8d7475a89fc1867a71cd90"
dependencies = [
 "axum-core",
 "axum-macros",
 "base64 0.22.1",
 "bytes",
 "form_urlencoded",
 "futures-util",
 "http",
 "http-body",
 "http-body-util",
 "hyper",
 "hyper-util",
 "itoa",
 "matchit",
 "memchr",
 "mime",
 "percent-encoding",
 "pin-project-lite",
 "serde_core",
 "serde_json",
 "serde_path_to_error",
 "serde_urlencoded",
 "sha1 0.10.6",
 "sync_wrapper",
 "tokio",
 "tokio-tungstenite 0.29.0",
 "tower",
 "tower-layer",
 "tower-service",
 "tracing",
]

[[package]]
name = "axum-core"
version = "0.5.6"
source = "registry+https://github.com/rust-lang/crates.io-index"
checksum = "08c78f31d7b1291f7ee735c1c6780ccde7785daae9a9206026862dab7d8792d1"
dependencies = [
 "bytes",
 "futures-core",
 "http",
 "http-body",
 "http-body-util",
 "mime",
 "pin-project-lite",
 "sync_wrapper",
 "tower-layer",
 "tower-service",
 "tracing",
]

[[package]]
name = "axum-macros"
version = "0.5.1"
source = "registry+https://github.com/rust-lang/crates.io-index"
checksum = "7aa268c23bfbbd2c4363b9cd302a4f504fb2a9dfe7e3451d66f35dd392e20aca"
dependencies = [
 "proc-macro2",
 "quote",
 "syn 2.0.117",
]

[[package]]
name = "backon"
version = "1.6.0"
source = "registry+https://github.com/rust-lang/crates.io-index"
checksum = "cffb0e931875b666fc4fcb20fee52e9bbd1ef836fd9e9e04ec21555f9f85f7ef"
dependencies = [
 "fastrand",
 "gloo-timers",
 "tokio",
]

[[package]]
name = "base16ct"
version = "1.0.0"
source = "registry+https://github.com/rust-lang/crates.io-index"
checksum = "fd307490d624467aa6f74b0eabb77633d1f758a7b25f12bceb0b22e08d9726f6"

[[package]]
name = "base64"
version = "0.13.1"
source = "registry+https://github.com/rust-lang/crates.io-index"
checksum = "9e1b586273c5702936fe7b7d6896644d8be71e6314cfe09d3167c95f712589e8"

[[package]]
name = "base64"
version = "0.22.1"
source = "registry+https://github.com/rust-lang/crates.io-index"
checksum = "72b3254f16251a8381aa12e40e3c4d2f0199f8c6508fbecb9d91f575e0fbb8c6"

[[package]]
name = "base64"
version = "0.23.1"
source = "registry+https://github.com/rust-lang/crates.io-index"
checksum = "ac07cdecf99051d9a5238b80f35af32cdeba5b336e55d957b318b50137e18da5"

[[package]]
name = "base64ct"
version = "1.8.3"
source = "registry+https://github.com/rust-lang/crates.io-index"
checksum = "2af50177e190e07a26ab74f8b1efbfe2ef87da2116221318cb1c2e82baf7de06"

[[package]]
name = "bech32"
version = "0.11.1"
source = "registry+https://github.com/rust-lang/crates.io-index"
checksum = "32637268377fc7b10a8c6d51de3e7fba1ce5dd371a96e342b34e6078db558e7f"

[[package]]
name = "beef"
version = "0.5.2"
source = "registry+https://github.com/rust-lang/crates.io-index"
checksum = "3a8241f3ebb85c056b509d4327ad0358fbbba6ffb340bf388f26350aeda225b1"

[[package]]
name = "bip39"
version = "2.2.2"
source = "registry+https://github.com/rust-lang/crates.io-index"
checksum = "90dbd31c98227229239363921e60fcf5e558e43ec69094d46fc4996f08d1ómºÚÚ$z{-®éÜj×–33–Fcsc#v6&&CVCCc’  ¥µ·6¶vUÕĞ¦æÖRÒ'v–æF÷w5ö&6ƒcEö×7f2 §fW'6–öâÒ#ãS2ã §6÷W&6RÒ'&Vv—7G'’¶‡GG3¢òöv—F‡V"æ6öÒ÷'W7BÖÆærö7&FW2æ–òÖ–æFW‚ ¦6†V6·7VÒÒ&#–Csƒ&SƒF3&cc3&S3“Ss†S“–“C#sS“V#“##CcSSCsCFS–##Sb  ¥µ·6¶vUÕĞ¦æÖRÒ'v–æF÷w5ö“cƒeövçR §fW'6–öâÒ#ãC"ã" §6÷W&6RÒ'&Vv—7G'’¶‡GG3¢òöv—F‡V"æ6öÒ÷'W7BÖÆærö7&FW2æ–òÖ–æFW‚ ¦6†V6·7VÒÒ&3cC“#vC†FCF“fƒc#“Cƒ“3S6Scƒs3“s3vC6&V6C3CV3†fV3–3ƒFb  ¥µ·6¶vUÕĞ¦æÖRÒ'v–æF÷w5ö“cƒeövçR §fW'6–öâÒ#ãS"ãb §6÷W&6RÒ'&Vv—7G'’¶‡GG3¢òöv—F‡V"æ6öÒ÷'W7BÖÆærö7&FW2æ–òÖ–æFW‚ ¦6†V6·7VÒÒ#†S–#VCV#ƒ&S“vV#†S#“V3cs#SS–VSF3#C6cc–Csƒ3“CFV&fS†&&f"  ¥µ·6¶vUÕĞ¦æÖRÒ'v–æF÷w5ö“cƒeövçR §fW'6–öâÒ#ãS2ã §6÷W&6RÒ'&Vv—7G'’¶‡GG3¢òöv—F‡V"æ6öÒ÷'W7BÖÆærö7&FW2æ–òÖ–æFW‚ ¦6†V6·7VÒÒ#“cSfFc–CƒS–&V6#6SvcS##FFfcffc&Cfcf##66c3s&ScS“62  ¥µ·6¶vUÕĞ¦æÖRÒ'v–æF÷w5ö“cƒeövçVÆÇfÒ §fW'6–öâÒ#ãS"ãb §6÷W&6RÒ'&Vv—7G'’¶‡GG3¢òöv—F‡V"æ6öÒ÷'W7BÖÆærö7&FW2æ–òÖ–æFW‚ ¦6†V6·7VÒÒ#VVSS&C3†3“#66sf3Sc6#ƒf36F&CsVcƒ“#ƒv3–CSƒfCs33FS†VCcb  ¥µ·6¶vUÕĞ¦æÖRÒ'v–æF÷w5ö“cƒeövçVÆÇfÒ §fW'6–öâÒ#ãS2ã §6÷W&6RÒ'&Vv—7G'’¶‡GG3¢òöv—F‡V"æ6öÒ÷'W7BÖÆærö7&FW2æ–òÖ–æFW‚ ¦6†V6·7VÒÒ&fs3S–CC†cc†#†#–fs36F66f#S–#SS–VCcC††c“SCc–3#sSsƒ2  ¥µ·6¶vUÕĞ¦æÖRÒ'v–æF÷w5ö“cƒeö×7f2 §fW'6–öâÒ#ãC"ã" §6÷W&6RÒ'&Vv—7G'’¶‡GG3¢òöv—F‡V"æ6öÒ÷'W7BÖÆærö7&FW2æ–òÖ–æFW‚ ¦6†V6·7VÒÒ#CFCƒC#fV3cC–cCƒC3†Cƒc–3cS†#“&Cƒ“3CVFC“C#v&fSf3CCFCc  ¥µ·6¶vUÕĞ¦æÖRÒ'v–æF÷w5ö“cƒeö×7f2 §fW'6–öâÒ#ãS"ãb §6÷W&6RÒ'&Vv—7G'’¶‡GG3¢òöv—F‡V"æ6öÒ÷'W7BÖÆærö7&FW2æ–òÖ–æFW‚ ¦6†V6·7VÒÒ##C“C†&3V3VSv3fF&&#†&cƒ–Cƒ–ff6S6S33##ƒ–Ss6FVVfSFcfV3Sf3cb  ¥µ·6¶vUÕĞ¦æÖRÒ'v–æF÷w5ö“cƒeö×7f2 §fW'6–öâÒ#ãS2ã §6÷W&6RÒ'&Vv—7G'’¶‡GG3¢òöv—F‡V"æ6öÒ÷'W7BÖÆærö7&FW2æ–òÖ–æFW‚ ¦6†V6·7VÒÒ#Sv3sSs–cƒ#3&fS–3#ƒSc3ScVSvVc†C63ƒ“#SF3cƒV#SvCƒ63†C3#f3"  ¥µ·6¶vUÕĞ¦æÖRÒ'v–æF÷w5÷ƒƒeócEövçR §fW'6–öâÒ#ãC"ã" §6÷W&6RÒ'&Vv—7G'’¶‡GG3¢òöv—F‡V"æ6öÒ÷'W7BÖÆærö7&FW2æ–òÖ–æFW‚ ¦6†V6·7VÒÒ#†FS“&#†#†fV#SV3cCƒcv6cCvFF“vc“&CSVfCV#C“Ff#“†cf&&#s6#3b  ¥µ·6¶vUÕĞ¦æÖRÒ'v–æF÷w5÷ƒƒeócEövçR §fW'6–öâÒ#ãS"ãb §6÷W&6RÒ'&Vv—7G'’¶‡GG3¢òöv—F‡V"æ6öÒ÷'W7BÖÆærö7&FW2æ–òÖ–æFW‚ ¦6†V6·7VÒÒ#CvV3ƒ&f&c3vC“6#Sƒ“VCFS3Vc#“vV##f&&##–6“F3V#†#s‚  ¥µ·6¶vUÕĞ¦æÖRÒ'v–æF÷w5÷ƒƒeócEövçR §fW'6–öâÒ#ãS2ã §6÷W&6RÒ'&Vv—7G'’¶‡GG3¢òöv—F‡V"æ6öÒ÷'W7BÖÆærö7&FW2æ–òÖ–æFW‚ ¦6†V6·7VÒÒ#–33ƒC&6FCsFƒcVƒcf#3–3†vCs63ss†6c#“3s#VfCf#F#–vFcFC“’  ¥µ·6¶vUÕĞ¦æÖRÒ'v–æF÷w5÷ƒƒeócEövçVÆÇfÒ §fW'6–öâÒ#ãC"ã" §6÷W&6RÒ'&Vv—7G'’¶‡GG3¢òöv—F‡V"æ6öÒ÷'W7BÖÆærö7&FW2æ–òÖ–æFW‚ ¦6†V6·7VÒÒ##fCC#Cf3fCCS3sC†VFVcCƒfCV3vƒVF##&SSffc3CcC3“ƒFVƒSSFS“F2  ¥µ·6¶vUÕĞ¦æÖRÒ'v–æF÷w5÷ƒƒeócEövçVÆÇfÒ §fW'6–öâÒ#ãS"ãb §6÷W&6RÒ'&Vv—7G'’¶‡GG3¢òöv—F‡V"æ6öÒ÷'W7BÖÆærö7&FW2æ–òÖ–æFW‚ ¦6†V6·7VÒÒ##FCV##6F3CsC#cs“cƒ3“fc&#C–c6FS†3Cs6FV#Sf&C3CCƒs&VfcSVCB  ¥µ·6¶vUÕĞ¦æÖRÒ'v–æF÷w5÷ƒƒeócEövçVÆÇfÒ §fW'6–öâÒ#ãS2ã §6÷W&6RÒ'&Vv—7G'’¶‡GG3¢òöv—F‡V"æ6öÒ÷'W7BÖÆærö7&FW2æ–òÖ–æFW‚ ¦6†V6·7VÒÒ#ffs–S&CvVVS†C†cSsC“3C3cScf3v6333S3f33s–fFc†cCvcf&#vS  ¥µ·6¶vUÕĞ¦æÖRÒ'v–æF÷w5÷ƒƒeócEö×7f2 §fW'6–öâÒ#ãC"ã" §6÷W&6RÒ'&Vv—7G'’¶‡GG3¢òöv—F‡V"æ6öÒ÷'W7BÖÆærö7&FW2æ–òÖ–æFW‚ ¦6†V6·7VÒÒ#–V3VF33S#CS†3fCF3#SCC–3#“SVfFScC#6#&cVVcf#–c  ¥µ·6¶vUÕĞ¦æÖRÒ'v–æF÷w5÷ƒƒeócEö×7f2 §fW'6–öâÒ#ãS"ãb §6÷W&6RÒ'&Vv—7G'’¶‡GG3¢òöv—F‡V"æ6öÒ÷'W7BÖÆærö7&FW2æ–òÖ–æFW‚ ¦6†V6·7VÒÒ#Sƒ–cfFƒF3cCc#CsCvC#s&SccVcfVC66VC#c3CSCffFf#SS“S–c–V2  ¥µ·6¶vUÕĞ¦æÖRÒ'v–æF÷w5÷ƒƒeócEö×7f2 §fW'6–öâÒ#ãS2ã §6÷W&6RÒ'&Vv—7G'’¶‡GG3¢òöv—F‡V"æ6öÒ÷'W7BÖÆærö7&FW2æ–òÖ–æFW‚ ¦6†V6·7VÒÒ&Cf&&fcVcFC#vSVfFVcc“ƒSƒƒ&c#cSSfc3CV3–SFC3fCV&VCcS  ¥µ·6¶vUÕĞ¦æÖRÒ'v–ææ÷r §fW'6–öâÒ#ãrãR §6÷W&6RÒ'&Vv—7G'’¶‡GG3¢òöv—F‡V"æ6öÒ÷'W7BÖÆærö7&FW2æ–òÖ–æFW‚ ¦6†V6·7VÒÒ&Fcs–C“s“#scƒ&C&fC†F##“cƒ&CC#3C6&SF3c†fCc†#sscVC–3S–C3“CR ¦FWVæFVæ6–W2Ò°¢&ÖVÖ6‡""À¥Ğ ¥µ·6¶vUÕĞ¦æÖRÒ'v–ææ÷r §fW'6–öâÒ#ãã2 §6÷W&6RÒ'&Vv—7G'’¶‡GG3¢òöv—F‡V"æ6öÒ÷'W7BÖÆærö7&FW2æ–òÖ–æFW‚ ¦6†V6·7VÒÒ#S“&S3–CScƒSFSffC3ƒ#SsF36ƒSS#SSC–#&c“–C“#ƒ3fSc3“c3S&c ¦FWVæFVæ6–W2Ò°¢&ÖVÖ6‡""À¥Ğ ¥µ·6¶vUÕĞ¦æÖRÒ'v—BÖ&–æFvVâ §fW'6–öâÒ#ãSrã §6÷W&6RÒ'&Vv—7G'’¶‡GG3¢òöv—F‡V"æ6öÒ÷'W7BÖÆærö7&FW2æ–òÖ–æFW‚ ¦6†V6·7VÒÒ#V&c“CFSƒvv3#S3#36CcscfSƒ&S66CsF#VC3ƒ&63#F33†cSC“cCS3fR  ¥µ·6¶vUÕĞ¦æÖRÒ'vÖ’ §fW'6–öâÒ#ã‚ãB §6÷W&6RÒ'&Vv—7G'’¶‡GG3¢òöv—F‡V"æ6öÒ÷'W7BÖÆærö7&FW2æ–òÖ–æFW‚ ¦6†V6·7VÒÒ#v3ƒ#ƒV3SvSsSSSccc“SƒcC“f&c&&CV6cƒ&#–C3#““S#SƒVCS#†#cB ¦FWVæFVæ6–W2Ò°¢&6‡&öæò"À¢&gWGW&W2"À¢&Æör"À¢'6W&FR"À¢'F†—6W'&÷""ãã‚"À¢'v–æF÷w2ãc"ã""À¢'v–æF÷w2Ö6÷&Rãc"ã""À¥Ğ ¥µ·6¶vUÕĞ¦æÖRÒ'væb §fW'6–öâÒ#ãBã §6÷W&6RÒ'&Vv—7G'’¶‡GG3¢òöv—F‡V"æ6öÒ÷'W7BÖÆærö7&FW2æ–òÖ–æFW‚ ¦6†V6·7VÒÒ&#&Ss“c#vS&ffC“3##cSC“#“C&CS3#“#c“Fc3cS“cC33vF#3–Fc ¦FWVæFVæ6–W2Ò°¢&fb"À¢&w&÷W"À¢&‡–'&–BÖ'&’"À¥Ğ ¥µ·6¶vUÕĞ¦æÖRÒ'w&—FV&ÆR §fW'6–öâÒ#ãbã2 §6÷W&6RÒ'&Vv—7G'’¶‡GG3¢òöv—F‡V"æ6öÒ÷'W7BÖÆærö7&FW2æ–òÖ–æFW‚ ¦6†V6·7VÒÒ#ffSS#6#&C6f3ƒcC3fcƒƒ3FS6#S6#ƒ66f3†fS#†VSCCsc†F3B  ¥µ·6¶vUÕĞ¦æÖRÒ'w5÷7G&VÕ÷v6Ò §fW'6–öâÒ#ãrãR §6÷W&6RÒ'&Vv—7G'’¶‡GG3¢òöv—F‡V"æ6öÒ÷'W7BÖÆærö7&FW2æ–òÖ–æFW‚ ¦6†V6·7VÒÒ#f3s3F6C#&Sƒ6ccC6VS3cV#3ƒƒCffSsSFSs3V3VC–C3ƒ6fSs3f&2 ¦FWVæFVæ6–W2Ò°¢&7–æ5ö–õ÷7G&VÒ"À¢&gWGW&W2"À¢&§2×7—2"À¢&Æör"À¢'†&÷2"À¢''W7F5÷fW'6–öâ"À¢'6VæE÷w&W""À¢'F†—6W'&÷""ãã‚"À¢'v6ÒÖ&–æFvVâ"À¢'v6ÒÖ&–æFvVâÖgWGW&W2"À¢'vV"×7—2"À¥Ğ ¥µ·6¶vUÕĞ¦æÖRÒ'†GG" §fW'6–öâÒ#ãbã §6÷W&6RÒ'&Vv—7G'’¶‡GG3¢òöv—F‡V"æ6öÒ÷'W7BÖÆærö7&FW2æ–òÖ–æFW‚ ¦6†V6·7VÒÒ#3&SCVCC#fcfC#Cs“ƒSCvc&&3&Vcƒ3F3ƒSƒƒcc#F#3SsVS3v3†ƒSb ¦FWVæFVæ6–W2Ò°¢&Æ–&2"À¢''W7F—‚ããB"À¥Ğ ¥µ·6¶vUÕĞ¦æÖRÒ'†FrÖ†öÖR §fW'6–öâÒ#ã2ã §6÷W&6RÒ'&Vv—7G'’¶‡GG3¢òöv—F‡V"æ6öÒ÷'W7BÖÆærö7&FW2æ–òÖ–æFW‚ ¦6†V6·7VÒÒ&V36F##S†f#SV3Fc3#†F3S&3ƒscCs–##C“#&6CCSF3s&c&ccb ¦FWVæFVæ6–W2Ò°¢&Æ–&2"À¢'v–æF÷w2×7—2ãS’ã"À¥Ğ ¥µ·6¶vUÕĞ¦æÖRÒ'†WBÖ6Æ–VçB §fW'6–öâÒ#ãRã" §6÷W&6RÒ'&Vv—7G'’¶‡GG3¢òöv—F‡V"æ6öÒ÷'W7BÖÆærö7&FW2æ–òÖ–æFW‚ ¦6†V6·7VÒÒ#6SSC“fF6&Sf“v6FfcC†ScCcs3VSvfcV#&C–S&3vSƒ66svS–&3‚ ¦FWVæFVæ6–W2Ò°¢&ç–†÷r"À¢&7–æ2×G&—B"À¢&&6ScBã#"ã"À¢&'—FW2"À¢&6Æ"À¢&7&33&f7B"À¢&gWGW&W2"À¢&‡GG"À¢&‡—W""À¢&Æ§•÷7FF–2"À¢&Ö÷&RÖ76W'G2"À¢'&æBãã"À¢'&VF""À¢'&WvW7Bã2ãB"À¢'&WvW7BÖÖ–FFÆWv&R"À¢'6W&FR"À¢'6W&FUö§6öâ"À¢'6W&FU÷&W""À¢'7FG'2"À¢'FV×f–ÆR"À¢'F†—6W'&÷""ãã‚"À¢'Fö¶–ò"À¢'Fö¶–ò×&WG'’"À¢'G&6–ær"À¢'G&6–ær×7V'67&–&W""À¢'W&Â"À¢'W&ÆVæ6öF–ær"À¢'vV"×F–ÖR"À¢'†WBÖ6÷&R×7G'V7GW&W2"À¢'†WB×'VçF–ÖR"À¥Ğ ¥µ·6¶vUÕĞ¦æÖRÒ'†WBÖ6÷&R×7G'V7GW&W2 §fW'6–öâÒ#ãRã" §6÷W&6RÒ'&Vv—7G'’¶‡GG3¢òöv—F‡V"æ6öÒ÷'W7BÖÆærö7&FW2æ–òÖ–æFW‚ ¦6†V6·7VÒÒ&6#ƒ3††V#cvCs3c3SƒF6c66CCsCƒsccSƒ#“&csSs#c6f&VR ¦FWVæFVæ6–W2Ò°¢&7–æ2×G&—B"À¢&&6ScBã#"ã"À¢&&Æ¶S2"À¢&'—FV×V6²"À¢&'—FW2"À¢&6Æ"À¢&6÷VçF–ò"À¢&77b"À¢&gWGW&W2"À¢&gWGW&W2×WF–Â"À¢&vWG&æFöÒãBã2"À¢&†V–g’"À¢&—FW'FööÇ2"À¢&Æ§•÷7FF–2"À¢&Ç£EöfÆW‚"À¢&Ö÷&RÖ76W'G2"À¢'&æBãã"À¢'&VvW‚"À¢'6fR×G&ç6×WFR"À¢'6W&FR"À¢'7FF–5ö76W'F–öç2"À¢'FV×f–ÆR"À¢'F†—6W'&÷""ãã‚"À¢'Fö¶–ò"À¢'Fö¶–ò×WF–Â"À¢'G&6–ær"À¢'WV–B"À¢'vV"×F–ÖR"À¢'†WB×'VçF–ÖR"À¥Ğ ¥µ·6¶vUÕĞ¦æÖRÒ'†WBÖFF §fW'6–öâÒ#ãRã" §6÷W&6RÒ'&Vv—7G'’¶‡GG3¢òöv—F‡V"æ6öÒ÷'W7BÖÆærö7&FW2æ–òÖ–æFW‚ ¦6†V6·7VÒÒ#cvfCC–&Vcc#C–C“3s“ƒSC&#ƒ3f6##cs†c6#3–cƒ–VSƒƒ3FVC†2 ¦FWVæFVæ6–W2Ò°¢&ç–†÷r"À¢&7–æ2×G&—B"À¢&'—FW2"À¢&6‡&öæò"À¢&6Æ"À¢&vV&†6‚"À¢&‡GG"À¢&—FW'FööÇ2"À¢&Æ§•÷7FF–2"À¢&Ö÷&RÖ76W'G2"À¢'&æBãã"À¢'6W&FR"À¢'6W&FUö§6öâ"À¢'6†"ãã’"À¢'FV×f–ÆR"À¢'F†—6W'&÷""ãã‚"À¢'Fö¶–ò"À¢'Fö¶–ò×WF–Â"À¢'G&6–ær"À¢'W&Â"À¢'WV–B"À¢'vÆ¶F—""À¢'†WBÖ6Æ–VçB"À¢'†WBÖ6÷&R×7G'V7GW&W2"À¢'†WB×'VçF–ÖR"À¥Ğ ¥µ·6¶vUÕĞ¦æÖRÒ'†WB×'VçF–ÖR §fW'6–öâÒ#ãRã" §6÷W&6RÒ'&Vv—7G'’¶‡GG3¢òöv—F‡V"æ6öÒ÷'W7BÖÆærö7&FW2æ–òÖ–æFW‚ ¦6†V6·7VÒÒ#VC†c#333ƒcfcscC†#s3v&SsCS&FC–3cFffFCs#“#sS3C#ƒ6c6B ¦FWVæFVæ6–W2Ò°¢&ç–†÷r"À¢&7–æ2×G&—B"À¢&'—FW2"À¢&6‡&öæò"À¢&6öÆ÷&VB"À¢&6öç7B×7G""À¢&7F÷""À¢&F—'2"À¢&gWGW&W2"À¢&v—B×fW'6–öâ"À¢&‡VÖçF–ÖR"À¢&¶öç7B"À¢&Æ§•÷7FF–2"À¢&Æ–&2"À¢&Ö÷&RÖ76W'G2"À¢&öæW6†÷B"À¢'–â×&ö¦V7B"À¢'&æBãã"À¢'&WvW7Bã2ãB"À¢'6W&FR"À¢'6W&FUö§6öâ"À¢'6†VÆÆW‡æB"À¢'7—6–æfòã3‚ãB"À¢'F†—6W'&÷""ãã‚"À¢'Fö¶–ò"À¢'Fö¶–ò×WF–Â"À¢'G&6–ær"À¢'G&6–ærÖVæFW""À¢'G&6–ær×7V'67&–&W""À¢'v†öÖ’"À¢'v–æ’"À¥Ğ ¥µ·6¶vUÕĞ¦æÖRÒ'†ÖÂ×'2 §fW'6–öâÒ#ã‚ã#‚ §6÷W&6RÒ'&Vv—7G'’¶‡GG3¢òöv—F‡V"æ6öÒ÷'W7BÖÆærö7&FW2æ–òÖ–æFW‚ ¦6†V6·7VÒÒ#6Sƒ33vc†cV6f3“s#cC3cc6VC#s–SFSs#SfFSƒcVcffS#V6V3Vf#“&C6b  ¥µ·6¶vUÕĞ¦æÖRÒ'†ÖÇG&VR §fW'6–öâÒ#ãã2 §6÷W&6RÒ'&Vv—7G'’¶‡GG3¢òöv—F‡V"æ6öÒ÷'W7BÖÆærö7&FW2æ–òÖ–æFW‚ ¦6†V6·7VÒÒ&CvC†sVVccSSv&#ƒFcV6Sƒc“ƒƒ6F#CF#““SC&F–#3“3SS3&SCf6" ¦FWVæFVæ6–W2Ò°¢'†ÖÂ×'2"À¥Ğ ¥µ·6¶vUÕĞ¦æÖRÒ'‡††6‚×'W7B §fW'6–öâÒ#ã‚ãR §6÷W&6RÒ'&Vv—7G'’¶‡GG3¢òöv—F‡V"æ6öÒ÷'W7BÖÆærö7&FW2æ–òÖ–æFW‚ ¦6†V6·7VÒÒ&fFC#3SC#3sSCsff&CC3“Csc3#ƒ†FvV#63#†3FVVCC3“Sc&cs33VC2  ¥µ·6¶vUÕĞ¦æÖRÒ'–ö¶R §fW'6–öâÒ#ã‚ã" §6÷W&6RÒ'&Vv—7G'’¶‡GG3¢òöv—F‡V"æ6öÒ÷'W7BÖÆærö7&FW2æ–òÖ–æFW‚ ¦6†V6·7VÒÒ&&S†3VfFs†C–66Fcƒv6S†&f#–6VFFC“c#3&VC3fSCCVC†Scfc–6 ¦FWVæFVæ6–W2Ò°¢'7F&ÆUöFW&Ve÷G&—B"À¢'–ö¶RÖFW&—fR"À¢'¦W&ög&öÒ"À¥Ğ ¥µ·6¶vUÕĞ¦æÖRÒ'–ö¶RÖFW&—fR §fW'6–öâÒ#ã‚ã" §6÷W&6RÒ'&Vv—7G'’¶‡GG3¢òöv—F‡V"æ6öÒ÷'W7BÖÆærö7&FW2æ–òÖ–æFW‚ ¦6†V6·7VÒÒ&FSƒCF3#c&3ƒƒCƒƒcs&6VcSS#ƒ†SvF3f3v#sƒF#FVSSf#6SSS6c#sVcƒS†R ¦FWVæFVæ6–W2Ò°¢'&ö2ÖÖ7&ó""À¢'V÷FR"À¢'7–â"ããr"À¢'7–ç7G'V7GW&R"À¥Ğ ¥µ·6¶vUÕĞ¦æÖRÒ'¦'W2 §fW'6–öâÒ#BãBã §6÷W&6RÒ'&Vv—7G'’¶‡GG3¢òöv—F‡V"æ6öÒ÷'W7BÖÆærö7&FW2æ–òÖ–æFW‚ ¦6†V6·7VÒÒ&&#“s&&VFC#–ScSCs†fF#F3ƒF&3CfcS3vV6fFS&36VS–SF#FCC†3s#R ¦FWVæFVæ6–W2Ò°¢&7–æ2Ö'&öF67B"À¢&7–æ2×&ö6W72"À¢&7–æ2×&V7W'6–öâ"À¢&7–æ2×G&—B"À¢&VçVÖfÆw3""À¢&WfVçBÖÆ—7FVæW""À¢&gWGW&W2Ö6÷&R"À¢&gWGW&W2×6–æ²"À¢&gWGW&W2×WF–Â"À¢&†W‚"À¢&æ—‚ã#’ã"À¢&÷&FW&VB×7G&VÒ"À¢'&æBã‚ãb"À¢'6W&FR"À¢'6W&FU÷&W""À¢'6†ããb"À¢'7FF–5ö76W'F–öç2"À¢'G&6–ær"À¢'VG5÷v–æF÷w2"À¢'v–æF÷w2×7—2ãS"ã"À¢'†FrÖ†öÖR"À¢'¦'W5öÖ7&÷2"À¢'¦'W5öæÖW2"À¢'§f&–çB"À¥Ğ ¥µ·6¶vUÕĞ¦æÖRÒ'¦'W5öÖ7&÷2 §fW'6–öâÒ#BãBã §6÷W&6RÒ'&Vv—7G'’¶‡GG3¢òöv—F‡V"æ6öÒ÷'W7BÖÆærö7&FW2æ–òÖ–æFW‚ ¦6†V6·7VÒÒ##cvF#“CsƒS“&&fCfCƒCC66&3ccS–33Sƒ3†3F&3cS“–V6Cs–#“ƒ6R ¦FWVæFVæ6–W2Ò°¢'&ö2ÖÖ7&òÖ7&FR"À¢'&ö2ÖÖ7&ó""À¢'V÷FR"À¢'7–â"ããr"À¢'§f&–çE÷WF–Ç2"À¥Ğ ¥µ·6¶vUÕĞ¦æÖRÒ'¦'W5öæÖW2 §fW'6–öâÒ#2ãã §6÷W&6RÒ'&Vv—7G'’¶‡GG3¢òöv—F‡V"æ6öÒ÷'W7BÖÆærö7&FW2æ–òÖ–æFW‚ ¦6†V6·7VÒÒ#F#–#fVcvC##c63f6&cF33SC#“#sVfV&SfF36CC63VS#&Sf2 ¦FWVæFVæ6–W2Ò°¢'6W&FR"À¢'7FF–5ö76W'F–öç2"À¢'§f&–çB"À¥Ğ ¥µ·6¶vUÕĞ¦æÖRÒ'¦W&ö6÷’ §fW'6–öâÒ#ã‚ãC‚ §6÷W&6RÒ'&Vv—7G'’¶‡GG3¢òöv—F‡V"æ6öÒ÷'W7BÖÆærö7&FW2æ–òÖ–æFW‚ ¦6†V6·7VÒÒ&VVCC3v&c–Ccc“#3#ƒvS33sCvƒfcF6C†Cff3s“–VCSs“C–CCV&Cc†S’ ¦FWVæFVæ6–W2Ò°¢'¦W&ö6÷’ÖFW&—fR"À¥Ğ ¥µ·6¶vUÕĞ¦æÖRÒ'¦W&ö6÷’ÖFW&—fR §fW'6–öâÒ#ã‚ãC‚ §6÷W&6RÒ'&Vv—7G'’¶‡GG3¢òöv—F‡V"æ6öÒ÷'W7BÖÆærö7&FW2æ–òÖ–æFW‚ ¦6†V6·7VÒÒ#sS66CƒF#sƒƒscfcS6cCƒ6FC#c“3ƒƒfc3Cs3#C“V36VcsS#fC#6&CB ¦FWVæFVæ6–W2Ò°¢'&ö2ÖÖ7&ó""À¢'V÷FR"À¢'7–â"ããr"À¥Ğ ¥µ·6¶vUÕĞ¦æÖRÒ'¦W&ög&öÒ §fW'6–öâÒ#ãã‚ §6÷W&6RÒ'&Vv—7G'’¶‡GG3¢òöv—F‡V"æ6öÒ÷'W7BÖÆærö7&FW2æ–òÖ–æFW‚ ¦6†V6·7VÒÒ#V3Vƒ6VƒfcfCsSC–6Cƒ#FFF&vFfSs#†VCVcc†Sf3S#s" ¦FWVæFVæ6–W2Ò°¢'¦W&ög&öÒÖFW&—fR"À¥Ğ ¥µ·6¶vUÕĞ¦æÖRÒ'¦W&ög&öÒÖFW&—fR §fW'6–öâÒ#ããr §6÷W&6RÒ'&Vv—7G'’¶‡GG3¢òöv—F‡V"æ6öÒ÷'W7BÖÆærö7&FW2æ–òÖ–æFW‚ ¦6†V6·7VÒÒ#S3#S†3Ccc“6cc#S“6Vƒ3S†fVCf&&cc†3VSƒS–&CCf&FScƒF ¦FWVæFVæ6–W2Ò°¢'&ö2ÖÖ7&ó""À¢'V÷FR"À¢'7–â"ããr"À¢'7–ç7G'V7GW&R"À¥Ğ ¥µ·6¶vUÕĞ¦æÖRÒ'¦W&ö—¦R §fW'6–öâÒ#ã’ã §6÷W&6RÒ'&Vv—7G'’¶‡GG3¢òöv—F‡V"æ6öÒ÷'W7BÖÆærö7&FW2æ–òÖ–æFW‚ ¦6†V6·7VÒÒ&S63ScSc#Sƒ&ƒ3c6##“CsƒF6F#SF3CcCscf#s†Sf3V#ƒS†6ccFR ¦FWVæFVæ6–W2Ò°¢'¦W&ö—¦UöFW&—fR"À¥Ğ ¥µ·6¶vUÕĞ¦æÖRÒ'¦W&ö—¦UöFW&—fR §fW'6–öâÒ#ãRã §6÷W&6RÒ'&Vv—7G'’¶‡GG3¢òöv—F‡V"æ6öÒ÷'W7BÖÆærö7&FW2æ–òÖ–æFW‚ ¦6†V6·7VÒÒ#63ScSV6&#fS6f3C3sS–Ss&c6SVS–#ƒF6V3S†F3ƒv#3v““3V3&c3#‚ ¦FWVæFVæ6–W2Ò°¢'&ö2ÖÖ7&ó""À¢'V÷FR"À¢'7–â"ããr"À¥Ğ ¥µ·6¶vUÕĞ¦æÖRÒ'¦W&÷G&–R §fW'6–öâÒ#ã"ãB §6÷W&6RÒ'&Vv—7G'’¶‡GG3¢òöv—F‡V"æ6öÒ÷'W7BÖÆærö7&FW2æ–òÖ–æFW‚ ¦6†V6·7VÒÒ#c“S&C3F#s“&fƒ6csf#&cƒ3C†Vff#V3cV#†3scƒf33CS–S3cC–&3#&b ¦FWVæFVæ6–W2Ò°¢&F—7Æ–Fö2"À¢'–ö¶R"À¢'¦W&ög&öÒ"À¥Ğ ¥µ·6¶vUÕĞ¦æÖRÒ'¦W&÷fV2 §fW'6–öâÒ#ããb §6÷W&6RÒ'&Vv—7G'’¶‡GG3¢òöv—F‡V"æ6öÒ÷'W7BÖÆærö7&FW2æ–òÖ–æFW‚ ¦6†V6·7VÒÒ#“c“6&33S–#fcs3svC#C###VcFCsS–V3ƒvVsƒƒ“ƒv#†6Cv##3’ ¦FWVæFVæ6–W2Ò°¢'–ö¶R"À¢'¦W&ög&öÒ"À¢'¦W&÷fV2ÖFW&—fR"À¥Ğ ¥µ·6¶vUÕĞ¦æÖRÒ'¦W&÷fV2ÖFW&—fR §fW'6–öâÒ#ãã2 §6÷W&6RÒ'&Vv—7G'’¶‡GG3¢òöv—F‡V"æ6öÒ÷'W7BÖÆærö7&FW2æ–òÖ–æFW‚ ¦6†V6·7VÒÒ#c#VF3C#V6#F6fF36333“SfScS“6F6#†–c3ƒvV6##ƒFF&CS&“&3CSSR ¦FWVæFVæ6–W2Ò°¢'&ö2ÖÖ7&ó""À¢'V÷FR"À¢'7–â"ããr"À¥Ğ ¥µ·6¶vUÕĞ¦æÖRÒ'¦— §fW'6–öâÒ#"ãBã" §6÷W&6RÒ'&Vv—7G'’¶‡GG3¢òöv—F‡V"æ6öÒ÷'W7BÖÆærö7&FW2æ–òÖ–æFW‚ ¦6†V6·7VÒÒ&f&Sc3#FS“†cƒV3S#c66Sv#f#c†F6#vV#fF&3ƒ6&CCƒC63–&36V&S ¦FWVæFVæ6–W2Ò°¢&&&—G&'’"À¢&7&33&f7B"À¢&7&÷76&VÒ×WF–Ç2"À¢&F—7Æ–Fö2"À¢&fÆFS""À¢&–æFW†Ö"À¢&ÖVÖ6‡""À¢'F†—6W'&÷""ãã‚"À¢'¦÷fÆ’"À¥Ğ ¥µ·6¶vUÕĞ¦æÖRÒ'¦Ö–¢ §fW'6–öâÒ#ãã# §6÷W&6RÒ'&Vv—7G'’¶‡GG3¢òöv—F‡V"æ6öÒ÷'W7BÖÆærö7&FW2æ–òÖ–æFW‚ ¦6†V6·7VÒÒ&#ƒƒC†VScvV63†VF&c6SC###vfcƒ“#c3“#3&Vf3f#S†C#–ffcF3&6&  ¥µ·6¶vUÕĞ¦æÖRÒ'¦÷fÆ’ §fW'6–öâÒ#ã‚ã2 §6÷W&6RÒ'&Vv—7G'’¶‡GG3¢òöv—F‡V"æ6öÒ÷'W7BÖÆærö7&FW2æ–òÖ–æFW‚ ¦6†V6·7VÒÒ&cV6Cƒs“vCc3ƒcSC#Vfcƒ–#V3FCƒƒFc3V&6S†C#Sƒ#vCcvC&#S#C’ ¦FWVæFVæ6–W2Ò°¢&'V×Æò"À¢&7&33&f7B"À¢&Æör"À¢'6–ÖBÖFÆW#3""À¥Ğ ¥µ·6¶vUÕĞ¦æÖRÒ'§VæRÖ6÷&R §fW'6–öâÒ#ãRã §6÷W&6RÒ'&Vv—7G'’¶‡GG3¢òöv—F‡V"æ6öÒ÷'W7BÖÆærö7&FW2æ–òÖ–æFW‚ ¦6†V6·7VÒÒ&6#†ƒvcv3CSvC3s–&ƒƒ&c3##ccCC†FFV&3ƒ“6S#–&#cFFsf#Cc’  ¥µ·6¶vUÕĞ¦æÖRÒ'§VæRÖ§Vr §fW'6–öâÒ#ãRãR §6÷W&6RÒ'&Vv—7G'’¶‡GG3¢òöv—F‡V"æ6öÒ÷'W7BÖÆærö7&FW2æ–òÖ–æFW‚ ¦6†V6·7VÒÒ##v&3–CV#ƒV&36cC&SFcScC“ƒvC“c“&V3v3&CS&#Cs3vc†F&Cs#“b ¦FWVæFVæ6–W2Ò°¢'§VæRÖ6÷&R"À¥Ğ ¥µ·6¶vUÕĞ¦æÖRÒ'§f&–çB §fW'6–öâÒ#Bã"ã §6÷W&6RÒ'&Vv—7G'’¶‡GG3¢òöv—F‡V"æ6öÒ÷'W7BÖÆærö7&FW2æ–òÖ–æFW‚ ¦6†V6·7VÒÒ##ƒC#“#–3Cs33†f3S#C“CSƒ3ss3Ff&c#CCƒvSVFV3&&#SvfCC†3ƒfR ¦FWVæFVæ6–W2Ò°¢&VæF’"À¢&VçVÖfÆw3""À¢'6W&FR"À¢'7FF–5ö76W'F–öç2"À¢'§f&–çEöFW&—fR"À¥Ğ ¥µ·6¶vUÕĞ¦æÖRÒ'§f&–çEöFW&—fR §fW'6–öâÒ#Bã"ã §6÷W&6RÒ'&Vv—7G'’¶‡GG3¢òöv—F‡V"æ6öÒ÷'W7BÖÆærö7&FW2æ–òÖ–æFW‚ ¦6†V6·7VÒÒ#s6S&&SCf&Fcƒ6“cS&&3F#s–&3CfFC3ƒfc#S3s–6cs3#C#&3CC’ ¦FWVæFVæ6–W2Ò°¢'&ö2ÖÖ7&òÖ7&FR"À¢'&ö2ÖÖ7&ó""À¢'V÷FR"À¢'7–â"ããr"À¢'§f&–çE÷WF–Ç2"À¥Ğ ¥µ·6¶vUÕĞ¦æÖRÒ'§f&–çE÷WF–Ç2 §fW'6–öâÒ#"ãã §6÷W&6RÒ'&Vv—7G'’¶‡GG3¢òöv—F‡V"æ6öÒ÷'W7BÖÆærö7&FW2æ–òÖ–æFW‚ ¦6†V6·7VÒÒ&3S&6fcv636F&#SSS3“f&6cssCsC†36F#C#f#F#ƒcS“Cc“c3S#66VSCƒƒ3C ¦FWVæFVæ6–W2Ò°¢'&ö2ÖÖ7&ó""À¢'V÷FR"À¢'7–â"ããr"À¥Ğ 